
Microsoft Visual Studio Solution File, Format Version 12.00
# Visual Studio Version 17
VisualStudioVersion = 17.13.35919.96 d17.13
MinimumVisualStudioVersion = 10.0.40219.1
Project("{FAE04EC0-301F-11D3-BF4B-00C04F79EFBC}") = "TEST17.04.2025", "TEST17.04.2025\TEST17.04.2025.csproj", "{179977BF-E2BD-47CF-ABF8-FA6FD7BBB552}"
EndProject
Global
	GlobalSection(SolutionConfigurationPlatforms) = preSolution
		Debug|Any CPU = Debug|Any CPU
		Release|Any CPU = Release|Any CPU
	EndGlobalSection
	GlobalSection(ProjectConfigurationPlatforms) = postSolution
		{179977BF-E2BD-47CF-ABF8-FA6FD7BBB552}.Debug|Any CPU.ActiveCfg = Debug|Any CPU
		{179977BF-E2BD-47CF-ABF8-FA6FD7BBB552}.Debug|Any CPU.Build.0 = Debug|Any CPU
		{179977BF-E2BD-47CF-ABF8-FA6FD7BBB552}.Release|Any CPU.ActiveCfg = Release|Any CPU
		{179977BF-E2BD-47CF-ABF8-FA6FD7BBB552}.Release|Any CPU.Build.0 = Release|Any CPU
	EndGlobalSection
	GlobalSection(SolutionProperties) = preSolution
		HideSolutionNode = FALSE
	EndGlobalSection
	GlobalSection(ExtensibilityGlobals) = postSolution
		SolutionGuid = {E57AD294-1AE8-45AA-9A85-A37D8D7D0AB7}
	EndGlobalSection
EndGlobal
